{
  "object": {
    "pins": [
      {
        "package": "XCTestToolkit",
        "repositoryURL": "https://github.com/jeremyabannister/XCTestToolkit",
        "state": {
          "branch": null,
          "revision": "56a003f8a65a85c0e10cd5dc5402603490514d45",
          "version": "0.1.1"
        }
      }
    ]
  },
  "version": 1
}
